dependencies:
  idf:
    component_hash: null
    source:
      type: idf
    version: 5.1.2
  lvgl/lvgl:
    component_hash: da37debfb77b23833a71be7edcb36af7176d2b1d4896f5caa015fd912beb02d1
    source:
      service_url: https://api.components.espressif.com/
      type: service
    version: 9.0.0
manifest_hash: eb7bcf604f62efc164958ed3718f9cf96d83e16661581d8a2b3e0669274f95d9
target: esp32
version: 1.0.0
