dependencies:
  espressif/button:
    component_hash: e162e6c8fc670ae297dca5ec75037966c1d69a1509f0b2048a883a7c54fb7aba
    source:
      service_url: https://api.components.espressif.com/
      type: service
    version: 2.5.6
  espressif/cmake_utilities:
    component_hash: 351350613ceafba240b761b4ea991e0f231ac7a9f59a9ee901f751bddc0bb18f
    source:
      service_url: https://api.components.espressif.com/
      type: service
    version: 0.5.3
  espressif/es8311:
    component_hash: eacbe7cb7f6993eb0f439121a56663cdfbf95925e7ddf5d2ed5aa640bed476fd
    source:
      service_url: https://api.components.espressif.com/
      type: service
    version: 1.0.0
  espressif/esp32-camera:
    component_hash: a1933162caca04a3a3bb0dca00bb56fcb3c50cd3779ab2f2b03ad8536e9bd0d0
    source:
      service_url: https://api.components.espressif.com/
      type: service
    version: 2.0.9
  espressif/esp32_s2_kaluga_kit:
    component_hash: 2765b721739bdb29ad44c44219dea488da8353797016c2d1ed06989428c768ca
    source:
      service_url: https://api.components.espressif.com/
      type: service
    version: 2.2.3
  espressif/esp_lvgl_port:
    component_hash: b43dc04720d126cbfe14d53a84787e4c24b7bd7f15468e224c930ad3ffb32258
    source:
      service_url: https://api.components.espressif.com/
      type: service
    version: 1.4.0
  espressif/led_strip:
    component_hash: fc66f8544851132555bc668475f7b68acd6a211c8075db5ce1951cbfa27dfb88
    source:
      service_url: https://api.components.espressif.com/
      type: service
    version: 2.5.4
  idf:
    component_hash: null
    source:
      type: idf
    version: 5.1.2
  lvgl/lvgl:
    component_hash: d7c1ac037ae6e85d94897f807d6e7ba0946a83e720074fc95a4f6241da9f9f53
    source:
      service_url: https://api.components.espressif.com/
      type: service
    version: 8.4.0
manifest_hash: 98489783780d33e71eeb40bb1a159e6df115ca314be3ea9ebadb5901edf33a50
target: esp32s2
version: 1.0.0
