dependencies:
  espressif/button:
    component_hash: f15af2d7b022536fa1f1328a6a9cd48f4d893dbeed3b3e91d32566ad8002570e
    source:
      service_url: https://api.components.espressif.com/
      type: service
    version: 2.5.1
  espressif/cmake_utilities:
    component_hash: 32d235c66d22f05ca3b5a3c2bdf273edd273b1e624b144fa8635066be50bae7b
    source:
      service_url: https://api.components.espressif.com/
      type: service
    version: 0.4.8
  espressif/es8311:
    component_hash: eacbe7cb7f6993eb0f439121a56663cdfbf95925e7ddf5d2ed5aa640bed476fd
    source:
      service_url: https://api.components.espressif.com/
      type: service
    version: 1.0.0
  espressif/esp32-camera:
    component_hash: 5ae1102097b6e2c99740c70f8ba25525cef7f451e82228b1914bef86de722090
    source:
      service_url: https://api.components.espressif.com/
      type: service
    version: 2.0.4
  espressif/esp32_s2_kaluga_kit:
    component_hash: 2765b721739bdb29ad44c44219dea488da8353797016c2d1ed06989428c768ca
    source:
      service_url: https://api.components.espressif.com/
      type: service
    version: 2.2.3
  espressif/esp_lvgl_port:
    component_hash: 5f7ec130fcfe1d5339cbd5b202766349e8614cd6504636d8902eb41823cb2ce7
    source:
      service_url: https://api.components.espressif.com/
      type: service
    version: 1.2.0
  espressif/led_strip:
    component_hash: 1f8cc130ebd557fde64c02fe5fad0cb36d69947498c540ace6f425e1083d7773
    source:
      service_url: https://api.components.espressif.com/
      type: service
    version: 2.4.1
  idf:
    component_hash: null
    source:
      type: idf
    version: 5.0.2
  lvgl/lvgl:
    component_hash: 2c0e0a0c48cf696bfa2b7ab0ef31843fd9a162620683ab9d916a0d43a3240441
    source:
      service_url: https://api.components.espressif.com/
      type: service
    version: 8.3.8
manifest_hash: b87120a27c2d5a93a3d8f84a9a318b003c3b188bc7f84dafb4a4ec0af1e13324
target: esp32s2
version: 1.0.0
