dependencies:
  idf:
    component_hash: null
    source:
      type: idf
    version: 5.1.2
  lvgl/lvgl:
    component_hash: 948bff879a345149b83065535bbc4a026ce9f47498a22881e432a264b9098015
    source:
      service_url: https://api.components.espressif.com/
      type: service
    version: 8.3.11
manifest_hash: 70b5a63b8f5f6b71dd41b3f3ab02956e801ec7003976f1e5d9a4e3ae343b8715
target: esp32
version: 1.0.0
